// !$*UTF8*$!
{
	archiveVersion = 1;
	classes = {
	};
	objectVersion = 46;
	objects = {

/* Begin PBXBuildFile section */
		8720BCA01D7379B900EDF94D /* AppDelegate.swift in Sources */ = {isa = PBXBuildFile; fileRef = 8720BC9F1D7379B900EDF94D /* AppDelegate.swift */; };
		8720BCA21D7379B900EDF94D /* ViewController.swift in Sources */ = {isa = PBXBuildFile; fileRef = 8720BCA11D7379B900EDF94D /* ViewController.swift */; };
		8720BCA51D7379B900EDF94D /* Main.storyboard in Resources */ = {isa = PBXBuildFile; fileRef = 8720BCA31D7379B900EDF94D /* Main.storyboard */; };
		8720BCA71D7379B900EDF94D /* Assets.xcassets in Resources */ = {isa = PBXBuildFile; fileRef = 8720BCA61D7379B900EDF94D /* Assets.xcassets */; };
		8720BCAA1D7379B900EDF94D /* LaunchScreen.storyboard in Resources */ = {isa = PBXBuildFile; fileRef = 8720BCA81D7379B900EDF94D /* LaunchScreen.storyboard */; };
		8720BCB51D7379B900EDF94D /* TheGantryTests.swift in Sources */ = {isa = PBXBuildFile; fileRef = 8720BCB41D7379B900EDF94D /* TheGantryTests.swift */; };
		8720BCC01D7379B900EDF94D /* TheGantryUITests.swift in Sources */ = {isa = PBXBuildFile; fileRef = 8720BCBF1D7379B900EDF94D /* TheGantryUITests.swift */; };
/* End PBXBuildFile section */

/* Begin PBXContainerItemProxy section */
		8720BCB11D7379B900EDF94D /* PBXContainerItemProxy */ = {
			isa = PBXContainerItemProxy;
			containerPortal = 8720BC941D7379B900EDF94D /* Project object */;
			proxyType = 1;
			remoteGlobalIDString = 8720BC9B1D7379B900EDF94D;
			remoteInfo = TheGantry;
		};
		8720BCBC1D7379B900EDF94D /* PBXContainerItemProxy */ = {
			isa = PBXContainerItemProxy;
			containerPortal = 8720BC941D7379B900EDF94D /* Project object */;
			proxyType = 1;
			remoteGlobalIDString = 8720BC9B1D7379B900EDF94D;
			remoteInfo = TheGantry;
		};
/* End PBXContainerItemProxy section */

/* Begin PBXFileReference section */
		8720BC9C1D7379B900EDF94D /* TheGantry.app */ = {isa = PBXFileReference; explicitFileType = wrapper.application; includeInIndex = 0; path = TheGantry.app; sourceTree = BUILT_PRODUCTS_DIR; };
		8720BC9F1D7379B900EDF94D /* AppDelegate.swift */ = {isa = PBXFileReference; lastKnownFileType = sourcecode.swift; path = AppDelegate.swift; sourceTree = "<group>"; };
		8720BCA11D7379B900EDF94D /* ViewController.swift */ = {isa = PBXFileReference; lastKnownFileType = sourcecode.swift; path = ViewController.swift; sourceTree = "<group>"; };
		8720BCA41D7379B900EDF94D /* Base */ = {isa = PBXFileReference; lastKnownFileType = file.storyboard; name = Base; path = Base.lproj/Main.storyboard; sourceTree = "<group>"; };
		8720BCA61D7379B900EDF94D /* Assets.xcassets */ = {isa = PBXFileReference; lastKnownFileType = folder.assetcatalog; path = Assets.xcassets; sourceTree = "<group>"; };
		8720BCA91D7379B900EDF94D /* Base */ = {isa = PBXFileReference; lastKnownFileType = file.storyboard; name = Base; path = Base.lproj/LaunchScreen.storyboard; sourceTree = "<group>"; };
		8720BCAB1D7379B900EDF94D /* Info.plist */ = {isa = PBXFileReference; lastKnownFileType = text.plist.xml; path = Info.plist; sourceTree = "<group>"; };
		8720BCB01D7379B900EDF94D /* TheGantryTests.xctest */ = {isa = PBXFileReference; explicitFileType = wrapper.cfbundle; includeInIndex = 0; path = TheGantryTests.xctest; sourceTree = BUILT_PRODUCTS_DIR; };
		8720BCB41D7379B900EDF94D /* TheGantryTests.swift */ = {isa = PBXFileReference; lastKnownFileType = sourcecode.swift; path = TheGantryTests.swift; sourceTree = "<group>"; };
		8720BCB61D7379B900EDF94D /* Info.plist */ = {isa = PBXFileReference; lastKnownFileType = text.plist.xml; path = Info.plist; sourceTree = "<group>"; };
		8720BCBB1D7379B900EDF94D /* TheGantryUITests.xctest */ = {isa = PBXFileReference; explicitFileType = wrapper.cfbundle; includeInIndex = 0; path = TheGantryUITests.xctest; sourceTree = BUILT_PRODUCTS_DIR; };
		8720BCBF1D7379B900EDF94D /* TheGantryUITests.swift */ = {isa = PBXFileReference; lastKnownFileType = sourcecode.swift; path = TheGantryUITests.swift; sourceTree = "<group>"; };
		8720BCC11D7379B900EDF94D /* Info.plist */ = {isa = PBXFileReference; lastKnownFileType = text.plist.xml; path = Info.plist; sourceTree = "<group>"; };
/* End PBXFileReference section */

/* Begin PBXFrameworksBuildPhase section */
		8720BC991D7379B900EDF94D /* Frameworks */ = {
			isa = PBXFrameworksBuildPhase;
			buildActionMask = 2147483647;
			files = (
			);
			runOnlyForDeploymentPostprocessing = 0;
		};
		8720BCAD1D7379B900EDF94D /* Frameworks */ = {
			isa = PBXFrameworksBuildPhase;
			buildActionMask = 2147483647;
			files = (
			);
			runOnlyForDeploymentPostprocessing = 0;
		};
		8720BCB81D7379B900EDF94D /* Frameworks */ = {
			isa = PBXFrameworksBuildPhase;
			buildActionMask = 2147483647;
			files = (
			);
			runOnlyForDeploymentPostprocessing = 0;
		};
/* End PBXFrameworksBuildPhase section */

/* Begin PBXGroup section */
		8720BC931D7379B900EDF94D = {
			isa = PBXGroup;
			children = (
				8720BC9E1D7379B900EDF94D /* TheGantry */,
				8720BCB31D7379B900EDF94D /* TheGantryTests */,
				8720BCBE1D7379B900EDF94D /* TheGantryUITests */,
				8720BC9D1D7379B900EDF94D /* Products */,
			);
			sourceTree = "<group>";
		};
		8720BC9D1D7379B900EDF94D /* Products */ = {
			isa = PBXGroup;
			children = (
				8720BC9C1D7379B900EDF94D /* TheGantry.app */,
				8720BCB01D7379B900EDF94D /* TheGantryTests.xctest */,
				8720BCBB1D7379B900EDF94D /* TheGantryUITests.xctest */,
			);
			name = Products;
			sourceTree = "<group>";
		};
		8720BC9E1D7379B900EDF94D /* TheGantry */ = {
			isa = PBXGroup;
			children = (
				8720BC9F1D7379B900EDF94D /* AppDelegate.swift */,
				8720BCA11D7379B900EDF94D /* ViewController.swift */,
				8720BCA31D7379B900EDF94D /* Main.storyboard */,
				8720BCA61D7379B900EDF94D /* Assets.xcassets */,
				8720BCA81D7379B900EDF94D /* LaunchScreen.storyboard */,
				8720BCAB1D7379B900EDF94D /* Info.plist */,
			);
			path = TheGantry;
			sourceTree = "<group>";
		};
		8720BCB31D7379B900EDF94D /* TheGantryTests */ = {
			isa = PBXGroup;
			children = (
				8720BCB41D7379B900EDF94D /* TheGantryTests.swift */,
				8720BCB61D7379B900EDF94D /* Info.plist */,
			);
			path = TheGantryTests;
			sourceTree = "<group>";
		};
		8720BCBE1D7379B900EDF94D /* TheGantryUITests */ = {
			isa = PBXGroup;
			children = (
				8720BCBF1D7379B900EDF94D /* TheGantryUITests.swift */,
				8720BCC11D7379B900EDF94D /* Info.plist */,
			);
			path = TheGantryUITests;
			sourceTree = "<group>";
		};
/* End PBXGroup section */

/* Begin PBXNativeTarget section */
		8720BC9B1D7379B900EDF94D /* TheGantry */ = {
			isa = PBXNativeTarget;
			buildConfigurationList = 8720BCC41D7379B900EDF94D /* Build configuration list for PBXNativeTarget "TheGantry" */;
			buildPhases = (
				8720BC981D7379B900EDF94D /* Sources */,
				8720BC991D7379B900EDF94D /* Frameworks */,
				8720BC9A1D7379B900EDF94D /* Resources */,
			);
			buildRules = (
			);
			dependencies = (
			);
			name = TheGantry;
			productName = TheGantry;
			productReference = 8720BC9C1D7379B900EDF94D /* TheGantry.app */;
			productType = "com.apple.product-type.application";
		};
		8720BCAF1D7379B900EDF94D /* TheGantryTests */ = {
			isa = PBXNativeTarget;
			buildConfigurationList = 8720BCC71D7379B900EDF94D /* Build configuration list for PBXNativeTarget "TheGantryTests" */;
			buildPhases = (
				8720BCAC1D7379B900EDF94D /* Sources */,
				8720BCAD1D7379B900EDF94D /* Frameworks */,
				8720BCAE1D7379B900EDF94D /* Resources */,
			);
			buildRules = (
			);
			dependencies = (
				8720BCB21D7379B900EDF94D /* PBXTargetDependency */,
			);
			name = TheGantryTests;
			productName = TheGantryTests;
			productReference = 8720BCB01D7379B900EDF94D /* TheGantryTests.xctest */;
			productType = "com.apple.product-type.bundle.unit-test";
		};
		8720BCBA1D7379B900EDF94D /* TheGantryUITests */ = {
			isa = PBXNativeTarget;
			buildConfigurationList = 8720BCCA1D7379B900EDF94D /* Build configuration list for PBXNativeTarget "TheGantryUITests" */;
			buildPhases = (
				8720BCB71D7379B900EDF94D /* Sources */,
				8720BCB81D7379B900EDF94D /* Frameworks */,
				8720BCB91D7379B900EDF94D /* Resources */,
			);
			buildRules = (
			);
			dependencies = (
				8720BCBD1D7379B900EDF94D /* PBXTargetDependency */,
			);
			name = TheGantryUITests;
			productName = TheGantryUITests;
			productReference = 8720BCBB1D7379B900EDF94D /* TheGantryUITests.xctest */;
			productType = "com.apple.product-type.bundle.ui-testing";
		};
/* End PBXNativeTarget section */

/* Begin PBXProject section */
		8720BC941D7379B900EDF94D /* Project object */ = {
			isa = PBXProject;
			attributes = {
				LastSwiftUpdateCheck = 0800;
				LastUpgradeCheck = 0800;
				ORGANIZATIONNAME = "Dominik Sadowski";
				TargetAttributes = {
					8720BC9B1D7379B900EDF94D = {
						CreatedOnToolsVersion = 8.0;
						DevelopmentTeam = S2TC7J64A5;
						ProvisioningStyle = Automatic;
					};
					8720BCAF1D7379B900EDF94D = {
						CreatedOnToolsVersion = 8.0;
						DevelopmentTeam = S2TC7J64A5;
						ProvisioningStyle = Automatic;
						TestTargetID = 8720BC9B1D7379B900EDF94D;
					};
					8720BCBA1D7379B900EDF94D = {
						CreatedOnToolsVersion = 8.0;
						DevelopmentTeam = S2TC7J64A5;
						ProvisioningStyle = Automatic;
						TestTargetID = 8720BC9B1D7379B900EDF94D;
					};
				};
			};
			buildConfigurationList = 8720BC971D7379B900EDF94D /* Build configuration list for PBXProject "TheGantry" */;
			compatibilityVersion = "Xcode 3.2";
			developmentRegion = English;
			hasScannedForEncodings = 0;
			knownRegions = (
				en,
				Base,
			);
			mainGroup = 8720BC931D7379B900EDF94D;
			productRefGroup = 8720BC9D1D7379B900EDF94D /* Products */;
			projectDirPath = "";
			projectRoot = "";
			targets = (
				8720BC9B1D7379B900EDF94D /* TheGantry */,
				8720BCAF1D7379B900EDF94D /* TheGantryTests */,
				8720BCBA1D7379B900EDF94D /* TheGantryUITests */,
			);
		};
/* End PBXProject section */

/* Begin PBXResourcesBuildPhase section */
		8720BC9A1D7379B900EDF94D /* Resources */ = {
			isa = PBXResourcesBuildPhase;
			buildActionMask = 2147483647;
			files = (
				8720BCAA1D7379B900EDF94D /* LaunchScreen.storyboard in Resources */,
				8720BCA71D7379B900EDF94D /* Assets.xcassets in Resources */,
				8720BCA51D7379B900EDF94D /* Main.storyboard in Resources */,
			);
			runOnlyForDeploymentPostprocessing = 0;
		};
		8720BCAE1D7379B900EDF94D /* Resources */ = {
			isa = PBXResourcesBuildPhase;
			buildActionMask = 2147483647;
			files = (
			);
			runOnlyForDeploymentPostprocessing = 0;
		};
		8720BCB91D7379B900EDF94D /* Resources */ = {
			isa = PBXResourcesBuildPhase;
			buildActionMask = 2147483647;
			files = (
			);
			runOnlyForDeploymentPostprocessing = 0;
		};
/* End PBXResourcesBuildPhase section */

/* Begin PBXSourcesBuildPhase section */
		8720BC981D7379B900EDF94D /* Sources */ = {
			isa = PBXSourcesBuildPhase;
			buildActionMask = 2147483647;
			files = (
				8720BCA21D7379B900EDF94D /* ViewController.swift in Sources */,
				8720BCA01D7379B900EDF94D /* AppDelegate.swift in Sources */,
			);
			runOnlyForDeploymentPostprocessing = 0;
		};
		8720BCAC1D7379B900EDF94D /* Sources */ = {
			isa = PBXSourcesBuildPhase;
			buildActionMask = 2147483647;
			files = (
				8720BCB51D7379B900EDF94D /* TheGantryTests.swift in Sources */,
			);
			runOnlyForDeploymentPostprocessing = 0;
		};
		8720BCB71D7379B900EDF94D /* Sources */ = {
			isa = PBXSourcesBuildPhase;
			buildActionMask = 2147483647;
			files = (
				8720BCC01D7379B900EDF94D /* TheGantryUITests.swift in Sources */,
			);
			runOnlyForDeploymentPostprocessing = 0;
		};
/* End PBXSourcesBuildPhase section */

/* Begin PBXTargetDependency section */
		8720BCB21D7379B900EDF94D /* PBXTargetDependency */ = {
			isa = PBXTargetDependency;
			target = 8720BC9B1D7379B900EDF94D /* TheGantry */;
			targetProxy = 8720BCB11D7379B900EDF94D /* PBXContainerItemProxy */;
		};
		8720BCBD1D7379B900EDF94D /* PBXTargetDependency */ = {
			isa = PBXTargetDependency;
			target = 8720BC9B1D7379B900EDF94D /* TheGantry */;
			targetProxy = 8720BCBC1D7379B900EDF94D /* PBXContainerItemProxy */;
		};
/* End PBXTargetDependency section */

/* Begin PBXVariantGroup section */
		8720BCA31D7379B900EDF94D /* Main.storyboard */ = {
			isa = PBXVariantGroup;
			children = (
				8720BCA41D7379B900EDF94D /* Base */,
			);
			name = Main.storyboard;
			sourceTree = "<group>";
		};
		8720BCA81D7379B900EDF94D /* LaunchScreen.storyboard */ = {
			isa = PBXVariantGroup;
			children = (
				8720BCA91D7379B900EDF94D /* Base */,
			);
			name = LaunchScreen.storyboard;
			sourceTree = "<group>";
		};
/* End PBXVariantGroup section */

/* Begin XCBuildConfiguration section */
		8720BCC21D7379B900EDF94D /* Debug */ = {
			isa = XCBuildConfiguration;
			buildSettings = {
				ALWAYS_SEARCH_USER_PATHS = NO;
				CLANG_ANALYZER_NONNULL = YES;
				CLANG_CXX_LANGUAGE_STANDARD = "gnu++0x";
				CLANG_CXX_LIBRARY = "libc++";
				CLANG_ENABLE_MODULES = YES;
				CLANG_ENABLE_OBJC_ARC = YES;
				CLANG_WARN_BOOL_CONVERSION = YES;
				CLANG_WARN_CONSTANT_CONVERSION = YES;
				CLANG_WARN_DIRECT_OBJC_ISA_USAGE = YES_ERROR;
				CLANG_WARN_DOCUMENTATION_COMMENTS = YES;
				CLANG_WARN_EMPTY_BODY = YES;
				CLANG_WARN_ENUM_CONVERSION = YES;
				CLANG_WARN_INFINITE_RECURSION = YES;
				CLANG_WARN_INT_CONVERSION = YES;
				CLANG_WARN_OBJC_ROOT_CLASS = YES_ERROR;
				CLANG_WARN_SUSPICIOUS_MOVES = YES;
				CLANG_WARN_UNREACHABLE_CODE = YES;
				CLANG_WARN__DUPLICATE_METHOD_MATCH = YES;
				"CODE_SIGN_IDENTITY[sdk=iphoneos*]" = "iPhone Developer";
				COPY_PHASE_STRIP = NO;
				DEBUG_INFORMATION_FORMAT = dwarf;
				ENABLE_STRICT_OBJC_MSGSEND = YES;
				ENABLE_TESTABILITY = YES;
				GCC_C_LANGUAGE_STANDARD = gnu99;
				GCC_DYNAMIC_NO_PIC = NO;
				GCC_NO_COMMON_BLOCKS = YES;
				GCC_OPTIMIZATION_LEVEL = 0;
				GCC_PREPROCESSOR_DEFINITIONS = (
					"DEBUG=1",
					"$(inherited)",
				);
				GCC_WARN_64_TO_32_BIT_CONVERSION = YES;
				GCC_WARN_ABOUT_RETURN_TYPE = YES_ERROR;
				GCC_WARN_UNDECLARED_SELECTOR = YES;
				GCC_WARN_UNINITIALIZED_AUTOS = YES_AGGRESSIVE;
				GCC_WARN_UNUSED_FUNCTION = YES;
				GCC_WARN_UNUSED_VARIABLE = YES;
				IPHONEOS_DEPLOYMENT_TARGET = 10.0;
				MTL_ENABLE_DEBUG_INFO = YES;
				ONLY_ACTIVE_ARCH = YES;
				SDKROOT = iphoneos;
				SWIFT_ACTIVE_COMPILATION_CONDITIONS = DEBUG;
				SWIFT_OPTIMIZATION_LEVEL = "-Onone";
				TARGETED_DEVICE_FAMILY = "1,2";
			};
			name = Debug;
		};
		8720BCC31D7379B900EDF94D /* Release */ = {
			isa = XCBuildConfiguration;
			buildSettings = {
				ALWAYS_SEARCH_USER_PATHS = NO;
				CLANG_ANALYZER_NONNULL = YES;
				CLANG_CXX_LANGUAGE_STANDARD = "gnu++0x";
				CLANG_CXX_LIBRARY = "libc++";
				CLANG_ENABLE_MODULES = YES;
				CLANG_ENABLE_OBJC_ARC = YES;
				CLANG_WARN_BOOL_CONVERSION = YES;
				CLANG_WARN_CONSTANT_CONVERSION = YES;
				CLANG_WARN_DIRECT_OBJC_ISA_USAGE = YES_ERROR;
				CLANG_WARN_DOCUMENTATION_COMMENTS = YES;
				CLANG_WARN_EMPTY_BODY = YES;
				CLANG_WARN_ENUM_CONVERSION = YES;
				CLANG_WARN_INFINITE_RECURSION = YES;
				CLANG_WARN_INT_CONVERSION = YES;
				CLANG_WARN_OBJC_ROOT_CLASS = YES_ERROR;
				CLANG_WARN_SUSPICIOUS_MOVES = YES;
				CLANG_WARN_UNREACHABLE_CODE = YES;
				CLANG_WARN__DUPLICATE_METHOD_MATCH = YES;
				"CODE_SIGN_IDENTITY[sdk=iphoneos*]" = "iPhone Developer";
				COPY_PHASE_STRIP = NO;
				DEBUG_INFORMATION_FORMAT = "dwarf-with-dsym";
				ENABLE_NS_ASSERTIONS = NO;
				ENABLE_STRICT_OBJC_MSGSEND = YES;
				GCC_C_LANGUAGE_STANDARD = gnu99;
				GCC_NO_COMMON_BLOCKS = YES;
				GCC_WARN_64_TO_32_BIT_CONVERSION = YES;
				GCC_WARN_ABOUT_RETURN_TYPE = YES_ERROR;
				GCC_WARN_UNDECLARED_SELECTOR = YES;
				GCC_WARN_UNINITIALIZED_AUTOS = YES_AGGRESSIVE;
				GCC_WARN_UNUSED_FUNCTION = YES;
				GCC_WARN_UNUSED_VARIABLE = YES;
				IPHONEOS_DEPLOYMENT_TARGET = 10.0;
				MTL_ENABLE_DEBUG_INFO = NO;
				SDKROOT = iphoneos;
				SWIFT_OPTIMIZATION_LEVEL = "-Owholemodule";
				TARGETED_DEVICE_FAMILY = "1,2";
				VALIDATE_PRODUCT = YES;
			};
			name = Release;
		};
		8720BCC51D7379B900EDF94D /* Debug */ = {
			isa = XCBuildConfiguration;
			buildSettings = {
				ASSETCATALOG_COMPILER_APPICON_NAME = AppIcon;
				DEVELOPMENT_TEAM = S2TC7J64A5;
				INFOPLIST_FILE = TheGantry/Info.plist;
				LD_RUNPATH_SEARCH_PATHS = "$(inherited) @executable_path/Frameworks";
				PRODUCT_BUNDLE_IDENTIFIER = com.AOJI.TheGantry;
				PRODUCT_NAME = "$(TARGET_NAME)";
				SWIFT_VERSION = 3.0;
			};
			name = Debug;
		};
		8720BCC61D7379B900EDF94D /* Release */ = {
			isa = XCBuildConfiguration;
			buildSettings = {
				ASSETCATALOG_COMPILER_APPICON_NAME = AppIcon;
				DEVELOPMENT_TEAM = S2TC7J64A5;
				INFOPLIST_FILE = TheGantry/Info.plist;
				LD_RUNPATH_SEARCH_PATHS = "$(inherited) @executable_path/Frameworks";
				PRODUCT_BUNDLE_IDENTIFIER = com.AOJI.TheGantry;
				PRODUCT_NAME = "$(TARGET_NAME)";
				SWIFT_VERSION = 3.0;
			};
			name = Release;
		};
		8720BCC81D7379B900EDF94D /* Debug */ = {
			isa = XCBuildConfiguration;
			buildSettings = {
				ALWAYS_EMBED_SWIFT_STANDARD_LIBRARIES = YES;
				BUNDLE_LOADER = "$(TEST_HOST)";
				DEVELOPMENT_TEAM = S2TC7J64A5;
				INFOPLIST_FILE = TheGantryTests/Info.plist;
				LD_RUNPATH_SEARCH_PATHS = "$(inherited) @executable_path/Frameworks @loader_path/Frameworks";
				PRODUCT_BUNDLE_IDENTIFIER = com.AOJI.TheGantryTests;
				PRODUCT_NAME = "$(TARGET_NAME)";
				SWIFT_VERSION = 3.0;
				TEST_HOST = "$(BUILT_PRODUCTS_DIR)/TheGantry.app/TheGantry";
			};
			name = Debug;
		};
		8720BCC91D7379B900EDF94D /* Release */ = {
			isa = XCBuildConfiguration;
			buildSettings = {
				ALWAYS_EMBED_SWIFT_STANDARD_LIBRARIES = YES;
				BUNDLE_LOADER = "$(TEST_HOST)";
				DEVELOPMENT_TEAM = S2TC7J64A5;
				INFOPLIST_FILE = TheGantryTests/Info.plist;
				LD_RUNPATH_SEARCH_PATHS = "$(inherited) @executable_path/Frameworks @loader_path/Frameworks";
				PRODUCT_BUNDLE_IDENTIFIER = com.AOJI.TheGantryTests;
				PRODUCT_NAME = "$(TARGET_NAME)";
				SWIFT_VERSION = 3.0;
				TEST_HOST = "$(BUILT_PRODUCTS_DIR)/TheGantry.app/TheGantry";
			};
			name = Release;
		};
		8720BCCB1D7379B900EDF94D /* Debug */ = {
			isa = XCBuildConfiguration;
			buildSettings = {
				ALWAYS_EMBED_SWIFT_STANDARD_LIBRARIES = YES;
				DEVELOPMENT_TEAM = S2TC7J64A5;
				INFOPLIST_FILE = TheGantryUITests/Info.plist;
				LD_RUNPATH_SEARCH_PATHS = "$(inherited) @executable_path/Frameworks @loader_path/Frameworks";
				PRODUCT_BUNDLE_IDENTIFIER = com.AOJI.TheGantryUITests;
				PRODUCT_NAME = "$(TARGET_NAME)";
				SWIFT_VERSION = 3.0;
				TEST_TARGET_NAME = TheGantry;
			};
			name = Debug;
		};
		8720BCCC1D7379B900EDF94D /* Release */ = {
			isa = XCBuildConfiguration;
			buildSettings = {
				ALWAYS_EMBED_SWIFT_STANDARD_LIBRARIES = YES;
				DEVELOPMENT_TEAM = S2TC7J64A5;
				INFOPLIST_FILE = TheGantryUITests/Info.plist;
				LD_RUNPATH_SEARCH_PATHS = "$(inherited) @executable_path/Frameworks @loader_path/Frameworks";
				PRODUCT_BUNDLE_IDENTIFIER = com.AOJI.TheGantryUITests;
				PRODUCT_NAME = "$(TARGET_NAME)";
				SWIFT_VERSION = 3.0;
				TEST_TARGET_NAME = TheGantry;
			};
			name = Release;
		};
/* End XCBuildConfiguration section */

/* Begin XCConfigurationList section */
		8720BC971D7379B900EDF94D /* Build configuration list for PBXProject "TheGantry" */ = {
			isa = XCConfigurationList;
			buildConfigurations = (
				8720BCC21D7379B900EDF94D /* Debug */,
				8720BCC31D7379B900EDF94D /* Release */,
			);
			defaultConfigurationIsVisible = 0;
			defaultConfigurationName = Release;
		};
		8720BCC41D7379B900EDF94D /* Build configuration list for PBXNativeTarget "TheGantry" */ = {
			isa = XCConfigurationList;
			buildConfigurations = (
				8720BCC51D7379B900EDF94D /* Debug */,
				8720BCC61D7379B900EDF94D /* Release */,
			);
			defaultConfigurationIsVisible = 0;
		};
		8720BCC71D7379B900EDF94D /* Build configuration list for PBXNativeTarget "TheGantryTests" */ = {
			isa = XCConfigurationList;
			buildConfigurations = (
				8720BCC81D7379B900EDF94D /* Debug */,
				8720BCC91D7379B900EDF94D /* Release */,
			);
			defaultConfigurationIsVisible = 0;
		};
		8720BCCA1D7379B900EDF94D /* Build configuration list for PBXNativeTarget "TheGantryUITests" */ = {
			isa = XCConfigurationList;
			buildConfigurations = (
				8720BCCB1D7379B900EDF94D /* Debug */,
				8720BCCC1D7379B900EDF94D /* Release */,
			);
			defaultConfigurationIsVisible = 0;
		};
/* End XCConfigurationList section */
	};
	rootObject = 8720BC941D7379B900EDF94D /* Project object */;
}
